
Microsoft Visual Studio Solution File, Format Version 12.00
# Visual Studio Version 17
VisualStudioVersion = 17.9.34723.18
MinimumVisualStudioVersion = 10.0.40219.1
Project("{FAE04EC0-301F-11D3-BF4B-00C04F79EFBC}") = "CRUD", "CRUD\CRUD.csproj", "{DFC878BC-F006-4200-89D1-4A3041A59C03}"
EndProject
Global
	GlobalSection(SolutionConfigurationPlatforms) = preSolution
		Debug|Any CPU = Debug|Any CPU
		Release|Any CPU = Release|Any CPU
	EndGlobalSection
	GlobalSection(ProjectConfigurationPlatforms) = postSolution
		{DFC878BC-F006-4200-89D1-4A3041A59C03}.Debug|Any CPU.ActiveCfg = Debug|Any CPU
		{DFC878BC-F006-4200-89D1-4A3041A59C03}.Debug|Any CPU.Build.0 = Debug|Any CPU
		{DFC878BC-F006-4200-89D1-4A3041A59C03}.Release|Any CPU.ActiveCfg = Release|Any CPU
		{DFC878BC-F006-4200-89D1-4A3041A59C03}.Release|Any CPU.Build.0 = Release|Any CPU
	EndGlobalSection
	GlobalSection(SolutionProperties) = preSolution
		HideSolutionNode = FALSE
	EndGlobalSection
	GlobalSection(ExtensibilityGlobals) = postSolution
		SolutionGuid = {951A06DE-92B9-4BDE-9564-82CFF65C5F4C}
	EndGlobalSection
EndGlobal
